// !$*UTF8*$!
{
	archiveVersion = 1;
	classes = {
	};
	objectVersion = 56;
	objects = {

/* Begin PBXBuildFile section */
		B2559C4C2DC6CC7F0018E80A /* MinigolfApp.swift in Sources */ = {isa = PBXBuildFile; fileRef = B2559C4B2DC6CC7F0018E80A /* MinigolfApp.swift */; };
		B2559C4E2DC6CC7F0018E80A /* ContentView.swift in Sources */ = {isa = PBXBuildFile; fileRef = B2559C4D2DC6CC7F0018E80A /* ContentView.swift */; };
		B2559C502DC6CC7F0018E80A /* Item.swift in Sources */ = {isa = PBXBuildFile; fileRef = B2559C4F2DC6CC7F0018E80A /* Item.swift */; };
		B2559C522DC6CC810018E80A /* Assets.xcassets in Resources */ = {isa = PBXBuildFile; fileRef = B2559C512DC6CC810018E80A /* Assets.xcassets */; };
		B2559C552DC6CC810018E80A /* Preview Assets.xcassets in Resources */ = {isa = PBXBuildFile; fileRef = B2559C542DC6CC810018E80A /* Preview Assets.xcassets */; };
		B2559C5F2DC6CC810018E80A /* MinigolfTests.swift in Sources */ = {isa = PBXBuildFile; fileRef = B2559C5E2DC6CC810018E80A /* MinigolfTests.swift */; };
		B2559C692DC6CC810018E80A /* MinigolfUITests.swift in Sources */ = {isa = PBXBuildFile; fileRef = B2559C682DC6CC810018E80A /* MinigolfUITests.swift */; };
		B2559C6B2DC6CC810018E80A /* MinigolfUITestsLaunchTests.swift in Sources */ = {isa = PBXBuildFile; fileRef = B2559C6A2DC6CC810018E80A /* MinigolfUITestsLaunchTests.swift */; };
		B2559C7C2DC7819A0018E80A /* GameView.swift in Sources */ = {isa = PBXBuildFile; fileRef = B2559C7B2DC7819A0018E80A /* GameView.swift */; };
		B2559C7E2DC786840018E80A /* ResultsView.swift in Sources */ = {isa = PBXBuildFile; fileRef = B2559C7D2DC786840018E80A /* ResultsView.swift */; };
		B2559C802DC78C440018E80A /* ShareSheet.swift in Sources */ = {isa = PBXBuildFile; fileRef = B2559C7F2DC78C440018E80A /* ShareSheet.swift */; };
		B29E1DDD2DC8CB6200A67B79 /* README.md in Resources */ = {isa = PBXBuildFile; fileRef = B29E1DDC2DC8CB6200A67B79 /* README.md */; };
/* End PBXBuildFile section */

/* Begin PBXContainerItemProxy section */
		B2559C5B2DC6CC810018E80A /* PBXContainerItemProxy */ = {
			isa = PBXContainerItemProxy;
			containerPortal = B2559C402DC6CC7F0018E80A /* Project object */;
			proxyType = 1;
			remoteGlobalIDString = B2559C472DC6CC7F0018E80A;
			remoteInfo = Minigolf;
		};
		B2559C652DC6CC810018E80A /* PBXContainerItemProxy */ = {
			isa = PBXContainerItemProxy;
			containerPortal = B2559C402DC6CC7F0018E80A /* Project object */;
			proxyType = 1;
			remoteGlobalIDString = B2559C472DC6CC7F0018E80A;
			remoteInfo = Minigolf;
		};
/* End PBXContainerItemProxy section */

/* Begin PBXFileReference section */
		B2559C482DC6CC7F0018E80A /* Minigolf.app */ = {isa = PBXFileReference; explicitFileType = wrapper.application; includeInIndex = 0; path = Minigolf.app; sourceTree = BUILT_PRODUCTS_DIR; };
		B2559C4B2DC6CC7F0018E80A /* MinigolfApp.swift */ = {isa = PBXFileReference; lastKnownFileType = sourcecode.swift; path = MinigolfApp.swift; sourceTree = "<group>"; };
		B2559C4D2DC6CC7F0018E80A /* ContentView.swift */ = {isa = PBXFileReference; lastKnownFileType = sourcecode.swift; path = ContentView.swift; sourceTree = "<group>"; };
		B2559C4F2DC6CC7F0018E80A /* Item.swift */ = {isa = PBXFileReference; lastKnownFileType = sourcecode.swift; path = Item.swift; sourceTree = "<group>"; };
		B2559C512DC6CC810018E80A /* Assets.xcassets */ = {isa = PBXFileReference; lastKnownFileType = folder.assetcatalog; path = Assets.xcassets; sourceTree = "<group>"; };
		B2559C542DC6CC810018E80A /* Preview Assets.xcassets */ = {isa = PBXFileReference; lastKnownFileType = folder.assetcatalog; path = "Preview Assets.xcassets"; sourceTree = "<group>"; };
		B2559C5A2DC6CC810018E80A /* MinigolfTests.xctest */ = {isa = PBXFileReference; explicitFileType = wrapper.cfbundle; includeInIndex = 0; path = MinigolfTests.xctest; sourceTree = BUILT_PRODUCTS_DIR; };
		B2559C5E2DC6CC810018E80A /* MinigolfTests.swift */ = {isa = PBXFileReference; lastKnownFileType = sourcecode.swift; path = MinigolfTests.swift; sourceTree = "<group>"; };
		B2559C642DC6CC810018E80A /* MinigolfUITests.xctest */ = {isa = PBXFileReference; explicitFileType = wrapper.cfbundle; includeInIndex = 0; path = MinigolfUITests.xctest; sourceTree = BUILT_PRODUCTS_DIR; };
		B2559C682DC6CC810018E80A /* MinigolfUITests.swift */ = {isa = PBXFileReference; lastKnownFileType = sourcecode.swift; path = MinigolfUITests.swift; sourceTree = "<group>"; };
		B2559C6A2DC6CC810018E80A /* MinigolfUITestsLaunchTests.swift */ = {isa = PBXFileReference; lastKnownFileType = sourcecode.swift; path = MinigolfUITestsLaunchTests.swift; sourceTree = "<group>"; };
		B2559C7B2DC7819A0018E80A /* GameView.swift */ = {isa = PBXFileReference; lastKnownFileType = sourcecode.swift; path = GameView.swift; sourceTree = "<group>"; };
		B2559C7D2DC786840018E80A /* ResultsView.swift */ = {isa = PBXFileReference; lastKnownFileType = sourcecode.swift; path = ResultsView.swift; sourceTree = "<group>"; };
		B2559C7F2DC78C440018E80A /* ShareSheet.swift */ = {isa = PBXFileReference; lastKnownFileType = sourcecode.swift; path = ShareSheet.swift; sourceTree = "<group>"; };
		B29E1DDC2DC8CB6200A67B79 /* README.md */ = {isa = PBXFileReference; lastKnownFileType = net.daringfireball.markdown; path = README.md; sourceTree = "<group>"; };
/* End PBXFileReference section */

/* Begin PBXFrameworksBuildPhase section */
		B2559C452DC6CC7F0018E80A /* Frameworks */ = {
			isa = PBXFrameworksBuildPhase;
			buildActionMask = 2147483647;
			files = (
			);
			runOnlyForDeploymentPostprocessing = 0;
		};
		B2559C572DC6CC810018E80A /* Frameworks */ = {
			isa = PBXFrameworksBuildPhase;
			buildActionMask = 2147483647;
			files = (
			);
			runOnlyForDeploymentPostprocessing = 0;
		};
		B2559C612DC6CC810018E80A /* Frameworks */ = {
			isa = PBXFrameworksBuildPhase;
			buildActionMask = 2147483647;
			files = (
			);
			runOnlyForDeploymentPostprocessing = 0;
		};
/* End PBXFrameworksBuildPhase section */

/* Begin PBXGroup section */
		B2559C3F2DC6CC7F0018E80A = {
			isa = PBXGroup;
			children = (
				B29E1DDC2DC8CB6200A67B79 /* README.md */,
				B2559C4A2DC6CC7F0018E80A /* Minigolf */,
				B2559C5D2DC6CC810018E80A /* MinigolfTests */,
				B2559C672DC6CC810018E80A /* MinigolfUITests */,
				B2559C492DC6CC7F0018E80A /* Products */,
			);
			sourceTree = "<group>";
		};
		B2559C492DC6CC7F0018E80A /* Products */ = {
			isa = PBXGroup;
			children = (
				B2559C482DC6CC7F0018E80A /* Minigolf.app */,
				B2559C5A2DC6CC810018E80A /* MinigolfTests.xctest */,
				B2559C642DC6CC810018E80A /* MinigolfUITests.xctest */,
			);
			name = Products;
			sourceTree = "<group>";
		};
		B2559C4A2DC6CC7F0018E80A /* Minigolf */ = {
			isa = PBXGroup;
			children = (
				B2559C4B2DC6CC7F0018E80A /* MinigolfApp.swift */,
				B2559C4D2DC6CC7F0018E80A /* ContentView.swift */,
				B2559C7B2DC7819A0018E80A /* GameView.swift */,
				B2559C7D2DC786840018E80A /* ResultsView.swift */,
				B2559C7F2DC78C440018E80A /* ShareSheet.swift */,
				B2559C4F2DC6CC7F0018E80A /* Item.swift */,
				B2559C512DC6CC810018E80A /* Assets.xcassets */,
				B2559C532DC6CC810018E80A /* Preview Content */,
			);
			path = Minigolf;
			sourceTree = "<group>";
		};
		B2559C532DC6CC810018E80A /* Preview Content */ = {
			isa = PBXGroup;
			children = (
				B2559C542DC6CC810018E80A /* Preview Assets.xcassets */,
			);
			path = "Preview Content";
			sourceTree = "<group>";
		};
		B2559C5D2DC6CC810018E80A /* MinigolfTests */ = {
			isa = PBXGroup;
			children = (
				B2559C5E2DC6CC810018E80A /* MinigolfTests.swift */,
			);
			path = MinigolfTests;
			sourceTree = "<group>";
		};
		B2559C672DC6CC810018E80A /* MinigolfUITests */ = {
			isa = PBXGroup;
			children = (
				B2559C682DC6CC810018E80A /* MinigolfUITests.swift */,
				B2559C6A2DC6CC810018E80A /* MinigolfUITestsLaunchTests.swift */,
			);
			path = MinigolfUITests;
			sourceTree = "<group>";
		};
/* End PBXGroup section */

/* Begin PBXNativeTarget section */
		B2559C472DC6CC7F0018E80A /* Minigolf */ = {
			isa = PBXNativeTarget;
			buildConfigurationList = B2559C6E2DC6CC810018E80A /* Build configuration list for PBXNativeTarget "Minigolf" */;
			buildPhases = (
				B2559C442DC6CC7F0018E80A /* Sources */,
				B2559C452DC6CC7F0018E80A /* Frameworks */,
				B2559C462DC6CC7F0018E80A /* Resources */,
			);
			buildRules = (
			);
			dependencies = (
			);
			name = Minigolf;
			productName = Minigolf;
			productReference = B2559C482DC6CC7F0018E80A /* Minigolf.app */;
			productType = "com.apple.product-type.application";
		};
		B2559C592DC6CC810018E80A /* MinigolfTests */ = {
			isa = PBXNativeTarget;
			buildConfigurationList = B2559C712DC6CC810018E80A /* Build configuration list for PBXNativeTarget "MinigolfTests" */;
			buildPhases = (
				B2559C562DC6CC810018E80A /* Sources */,
				B2559C572DC6CC810018E80A /* Frameworks */,
				B2559C582DC6CC810018E80A /* Resources */,
			);
			buildRules = (
			);
			dependencies = (
				B2559C5C2DC6CC810018E80A /* PBXTargetDependency */,
			);
			name = MinigolfTests;
			productName = MinigolfTests;
			productReference = B2559C5A2DC6CC810018E80A /* MinigolfTests.xctest */;
			productType = "com.apple.product-type.bundle.unit-test";
		};
		B2559C632DC6CC810018E80A /* MinigolfUITests */ = {
			isa = PBXNativeTarget;
			buildConfigurationList = B2559C742DC6CC810018E80A /* Build configuration list for PBXNativeTarget "MinigolfUITests" */;
			buildPhases = (
				B2559C602DC6CC810018E80A /* Sources */,
				B2559C612DC6CC810018E80A /* Frameworks */,
				B2559C622DC6CC810018E80A /* Resources */,
			);
			buildRules = (
			);
			dependencies = (
				B2559C662DC6CC810018E80A /* PBXTargetDependency */,
			);
			name = MinigolfUITests;
			productName = MinigolfUITests;
			productReference = B2559C642DC6CC810018E80A /* MinigolfUITests.xctest */;
			productType = "com.apple.product-type.bundle.ui-testing";
		};
/* End PBXNativeTarget section */

/* Begin PBXProject section */
		B2559C402DC6CC7F0018E80A /* Project object */ = {
			isa = PBXProject;
			attributes = {
				BuildIndependentTargetsInParallel = 1;
				LastSwiftUpdateCheck = 1540;
				LastUpgradeCheck = 1540;
				TargetAttributes = {
					B2559C472DC6CC7F0018E80A = {
						CreatedOnToolsVersion = 15.4;
					};
					B2559C592DC6CC810018E80A = {
						CreatedOnToolsVersion = 15.4;
						TestTargetID = B2559C472DC6CC7F0018E80A;
					};
					B2559C632DC6CC810018E80A = {
						CreatedOnToolsVersion = 15.4;
						TestTargetID = B2559C472DC6CC7F0018E80A;
					};
				};
			};
			buildConfigurationList = B2559C432DC6CC7F0018E80A /* Build configuration list for PBXProject "Minigolf" */;
			compatibilityVersion = "Xcode 14.0";
			developmentRegion = en;
			hasScannedForEncodings = 0;
			knownRegions = (
				en,
				Base,
			);
			mainGroup = B2559C3F2DC6CC7F0018E80A;
			productRefGroup = B2559C492DC6CC7F0018E80A /* Products */;
			projectDirPath = "";
			projectRoot = "";
			targets = (
				B2559C472DC6CC7F0018E80A /* Minigolf */,
				B2559C592DC6CC810018E80A /* MinigolfTests */,
				B2559C632DC6CC810018E80A /* MinigolfUITests */,
			);
		};
/* End PBXProject section */

/* Begin PBXResourcesBuildPhase section */
		B2559C462DC6CC7F0018E80A /* Resources */ = {
			isa = PBXResourcesBuildPhase;
			buildActionMask = 2147483647;
			files = (
				B29E1DDD2DC8CB6200A67B79 /* README.md in Resources */,
				B2559C552DC6CC810018E80A /* Preview Assets.xcassets in Resources */,
				B2559C522DC6CC810018E80A /* Assets.xcassets in Resources */,
			);
			runOnlyForDeploymentPostprocessing = 0;
		};
		B2559C582DC6CC810018E80A /* Resources */ = {
			isa = PBXResourcesBuildPhase;
			buildActionMask = 2147483647;
			files = (
			);
			runOnlyForDeploymentPostprocessing = 0;
		};
		B2559C622DC6CC810018E80A /* Resources */ = {
			isa = PBXResourcesBuildPhase;
			buildActionMask = 2147483647;
			files = (
			);
			runOnlyForDeploymentPostprocessing = 0;
		};
/* End PBXResourcesBuildPhase section */

/* Begin PBXSourcesBuildPhase section */
		B2559C442DC6CC7F0018E80A /* Sources */ = {
			isa = PBXSourcesBuildPhase;
			buildActionMask = 2147483647;
			files = (
				B2559C4E2DC6CC7F0018E80A /* ContentView.swift in Sources */,
				B2559C802DC78C440018E80A /* ShareSheet.swift in Sources */,
				B2559C502DC6CC7F0018E80A /* Item.swift in Sources */,
				B2559C7C2DC7819A0018E80A /* GameView.swift in Sources */,
				B2559C7E2DC786840018E80A /* ResultsView.swift in Sources */,
				B2559C4C2DC6CC7F0018E80A /* MinigolfApp.swift in Sources */,
			);
			runOnlyForDeploymentPostprocessing = 0;
		};
		B2559C562DC6CC810018E80A /* Sources */ = {
			isa = PBXSourcesBuildPhase;
			buildActionMask = 2147483647;
			files = (
				B2559C5F2DC6CC810018E80A /* MinigolfTests.swift in Sources */,
			);
			runOnlyForDeploymentPostprocessing = 0;
		};
		B2559C602DC6CC810018E80A /* Sources */ = {
			isa = PBXSourcesBuildPhase;
			buildActionMask = 2147483647;
			files = (
				B2559C6B2DC6CC810018E80A /* MinigolfUITestsLaunchTests.swift in Sources */,
				B2559C692DC6CC810018E80A /* MinigolfUITests.swift in Sources */,
			);
			runOnlyForDeploymentPostprocessing = 0;
		};
/* End PBXSourcesBuildPhase section */

/* Begin PBXTargetDependency section */
		B2559C5C2DC6CC810018E80A /* PBXTargetDependency */ = {
			isa = PBXTargetDependency;
			target = B2559C472DC6CC7F0018E80A /* Minigolf */;
			targetProxy = B2559C5B2DC6CC810018E80A /* PBXContainerItemProxy */;
		};
		B2559C662DC6CC810018E80A /* PBXTargetDependency */ = {
			isa = PBXTargetDependency;
			target = B2559C472DC6CC7F0018E80A /* Minigolf */;
			targetProxy = B2559C652DC6CC810018E80A /* PBXContainerItemProxy */;
		};
/* End PBXTargetDependency section */

/* Begin XCBuildConfiguration section */
		B2559C6C2DC6CC810018E80A /* Debug */ = {
			isa = XCBuildConfiguration;
			buildSettings = {
				ALWAYS_SEARCH_USER_PATHS = NO;
				ASSETCATALOG_COMPILER_GENERATE_SWIFT_ASSET_SYMBOL_EXTENSIONS = YES;
				CLANG_ANALYZER_NONNULL = YES;
				CLANG_ANALYZER_NUMBER_OBJECT_CONVERSION = YES_AGGRESSIVE;
				CLANG_CXX_LANGUAGE_STANDARD = "gnu++20";
				CLANG_ENABLE_MODULES = YES;
				CLANG_ENABLE_OBJC_ARC = YES;
				CLANG_ENABLE_OBJC_WEAK = YES;
				CLANG_WARN_BLOCK_CAPTURE_AUTORELEASING = YES;
				CLANG_WARN_BOOL_CONVERSION = YES;
				CLANG_WARN_COMMA = YES;
				CLANG_WARN_CONSTANT_CONVERSION = YES;
				CLANG_WARN_DEPRECATED_OBJC_IMPLEMENTATIONS = YES;
				CLANG_WARN_DIRECT_OBJC_ISA_USAGE = YES_ERROR;
				CLANG_WARN_DOCUMENTATION_COMMENTS = YES;
				CLANG_WARN_EMPTY_BODY = YES;
				CLANG_WARN_ENUM_CONVERSION = YES;
				CLANG_WARN_INFINITE_RECURSION = YES;
				CLANG_WARN_INT_CONVERSION = YES;
				CLANG_WARN_NON_LITERAL_NULL_CONVERSION = YES;
				CLANG_WARN_OBJC_IMPLICIT_RETAIN_SELF = YES;
				CLANG_WARN_OBJC_LITERAL_CONVERSION = YES;
				CLANG_WARN_OBJC_ROOT_CLASS = YES_ERROR;
				CLANG_WARN_QUOTED_INCLUDE_IN_FRAMEWORK_HEADER = YES;
				CLANG_WARN_RANGE_LOOP_ANALYSIS = YES;
				CLANG_WARN_STRICT_PROTOTYPES = YES;
				CLANG_WARN_SUSPICIOUS_MOVE = YES;
				CLANG_WARN_UNGUARDED_AVAILABILITY = YES_AGGRESSIVE;
				CLANG_WARN_UNREACHABLE_CODE = YES;
				CLANG_WARN__DUPLICATE_METHOD_MATCH = YES;
				COPY_PHASE_STRIP = NO;
				DEBUG_INFORMATION_FORMAT = dwarf;
				ENABLE_STRICT_OBJC_MSGSEND = YES;
				ENABLE_TESTABILITY = YES;
				ENABLE_USER_SCRIPT_SANDBOXING = YES;
				GCC_C_LANGUAGE_STANDARD = gnu17;
				GCC_DYNAMIC_NO_PIC = NO;
				GCC_NO_COMMON_BLOCKS = YES;
				GCC_OPTIMIZATION_LEVEL = 0;
				GCC_PREPROCESSOR_DEFINITIONS = (
					"DEBUG=1",
					"$(inherited)",
				);
				GCC_WARN_64_TO_32_BIT_CONVERSION = YES;
				GCC_WARN_ABOUT_RETURN_TYPE = YES_ERROR;
				GCC_WARN_UNDECLARED_SELECTOR = YES;
				GCC_WARN_UNINITIALIZED_AUTOS = YES_AGGRESSIVE;
				GCC_WARN_UNUSED_FUNCTION = YES;
				GCC_WARN_UNUSED_VARIABLE = YES;
				IPHONEOS_DEPLOYMENT_TARGET = 17.5;
				LOCALIZATION_PREFERS_STRING_CATALOGS = YES;
				MTL_ENABLE_DEBUG_INFO = INCLUDE_SOURCE;
				MTL_FAST_MATH = YES;
				ONLY_ACTIVE_ARCH = YES;
				SDKROOT = iphoneos;
				SWIFT_ACTIVE_COMPILATION_CONDITIONS = "DEBUG $(inherited)";
				SWIFT_OPTIMIZATION_LEVEL = "-Onone";
			};
			name = Debug;
		};
		B2559C6D2DC6CC810018E80A /* Release */ = {
			isa = XCBuildConfiguration;
			buildSettings = {
				ALWAYS_SEARCH_USER_PATHS = NO;
				ASSETCATALOG_COMPILER_GENERATE_SWIFT_ASSET_SYMBOL_EXTENSIONS = YES;
				CLANG_ANALYZER_NONNULL = YES;
				CLANG_ANALYZER_NUMBER_OBJECT_CONVERSION = YES_AGGRESSIVE;
				CLANG_CXX_LANGUAGE_STANDARD = "gnu++20";
				CLANG_ENABLE_MODULES = YES;
				CLANG_ENABLE_OBJC_ARC = YES;
				CLANG_ENABLE_OBJC_WEAK = YES;
				CLANG_WARN_BLOCK_CAPTURE_AUTORELEASING = YES;
				CLANG_WARN_BOOL_CONVERSION = YES;
				CLANG_WARN_COMMA = YES;
				CLANG_WARN_CONSTANT_CONVERSION = YES;
				CLANG_WARN_DEPRECATED_OBJC_IMPLEMENTATIONS = YES;
				CLANG_WARN_DIRECT_OBJC_ISA_USAGE = YES_ERROR;
				CLANG_WARN_DOCUMENTATION_COMMENTS = YES;
				CLANG_WARN_EMPTY_BODY = YES;
				CLANG_WARN_ENUM_CONVERSION = YES;
				CLANG_WARN_INFINITE_RECURSION = YES;
				CLANG_WARN_INT_CONVERSION = YES;
				CLANG_WARN_NON_LITERAL_NULL_CONVERSION = YES;
				CLANG_WARN_OBJC_IMPLICIT_RETAIN_SELF = YES;
				CLANG_WARN_OBJC_LITERAL_CONVERSION = YES;
				CLANG_WARN_OBJC_ROOT_CLASS = YES_ERROR;
				CLANG_WARN_QUOTED_INCLUDE_IN_FRAMEWORK_HEADER = YES;
				CLANG_WARN_RANGE_LOOP_ANALYSIS = YES;
				CLANG_WARN_STRICT_PROTOTYPES = YES;
				CLANG_WARN_SUSPICIOUS_MOVE = YES;
				CLANG_WARN_UNGUARDED_AVAILABILITY = YES_AGGRESSIVE;
				CLANG_WARN_UNREACHABLE_CODE = YES;
				CLANG_WARN__DUPLICATE_METHOD_MATCH = YES;
				COPY_PHASE_STRIP = NO;
				DEBUG_INFORMATION_FORMAT = "dwarf-with-dsym";
				ENABLE_NS_ASSERTIONS = NO;
				ENABLE_STRICT_OBJC_MSGSEND = YES;
				ENABLE_USER_SCRIPT_SANDBOXING = YES;
				GCC_C_LANGUAGE_STANDARD = gnu17;
				GCC_NO_COMMON_BLOCKS = YES;
				GCC_WARN_64_TO_32_BIT_CONVERSION = YES;
				GCC_WARN_ABOUT_RETURN_TYPE = YES_ERROR;
				GCC_WARN_UNDECLARED_SELECTOR = YES;
				GCC_WARN_UNINITIALIZED_AUTOS = YES_AGGRESSIVE;
				GCC_WARN_UNUSED_FUNCTION = YES;
				GCC_WARN_UNUSED_VARIABLE = YES;
				IPHONEOS_DEPLOYMENT_TARGET = 17.5;
				LOCALIZATION_PREFERS_STRING_CATALOGS = YES;
				MTL_ENABLE_DEBUG_INFO = NO;
				MTL_FAST_MATH = YES;
				SDKROOT = iphoneos;
				SWIFT_COMPILATION_MODE = wholemodule;
				VALIDATE_PRODUCT = YES;
			};
			name = Release;
		};
		B2559C6F2DC6CC810018E80A /* Debug */ = {
			isa = XCBuildConfiguration;
			buildSettings = {
				ASSETCATALOG_COMPILER_APPICON_NAME = AppIcon;
				ASSETCATALOG_COMPILER_GLOBAL_ACCENT_COLOR_NAME = AccentColor;
				CODE_SIGN_STYLE = Automatic;
				CURRENT_PROJECT_VERSION = 1;
				DEVELOPMENT_ASSET_PATHS = "\"Minigolf/Preview Content\"";
				DEVELOPMENT_TEAM = 2M99T5SYYT;
				ENABLE_PREVIEWS = YES;
				GENERATE_INFOPLIST_FILE = YES;
				INFOPLIST_KEY_CFBundleDisplayName = Minigolf;
				INFOPLIST_KEY_UIApplicationSceneManifest_Generation = YES;
				INFOPLIST_KEY_UIApplicationSupportsIndirectInputEvents = YES;
				INFOPLIST_KEY_UILaunchScreen_Generation = YES;
				INFOPLIST_KEY_UISupportedInterfaceOrientations_iPad = "UIInterfaceOrientationPortrait UIInterfaceOrientationPortraitUpsideDown UIInterfaceOrientationLandscapeLeft UIInterfaceOrientationLandscapeRight";
				INFOPLIST_KEY_UISupportedInterfaceOrientations_iPhone = "UIInterfaceOrientationPortrait UIInterfaceOrientationLandscapeLeft UIInterfaceOrientationLandscapeRight";
				LD_RUNPATH_SEARCH_PATHS = (
					"$(inherited)",
					"@executable_path/Frameworks",
				);
				MARKETING_VERSION = 1.0;
				PRODUCT_BUNDLE_IDENTIFIER = com.williamgyrulf.Minigolf;
				PRODUCT_NAME = "$(TARGET_NAME)";
				SWIFT_EMIT_LOC_STRINGS = YES;
				SWIFT_VERSION = 5.0;
				TARGETED_DEVICE_FAMILY = "1,2";
			};
			name = Debug;
		};
		B2559C702DC6CC810018E80A /* Release */ = {
			isa = XCBuildConfiguration;
			buildSettings = {
				ASSETCATALOG_COMPILER_APPICON_NAME = AppIcon;
				ASSETCATALOG_COMPILER_GLOBAL_ACCENT_COLOR_NAME = AccentColor;
				CODE_SIGN_STYLE = Automatic;
				CURRENT_PROJECT_VERSION = 1;
				DEVELOPMENT_ASSET_PATHS = "\"Minigolf/Preview Content\"";
				DEVELOPMENT_TEAM = 2M99T5SYYT;
				ENABLE_PREVIEWS = YES;
				GENERATE_INFOPLIST_FILE = YES;
				INFOPLIST_KEY_CFBundleDisplayName = Minigolf;
				INFOPLIST_KEY_UIApplicationSceneManifest_Generation = YES;
				INFOPLIST_KEY_UIApplicationSupportsIndirectInputEvents = YES;
				INFOPLIST_KEY_UILaunchScreen_Generation = YES;
				INFOPLIST_KEY_UISupportedInterfaceOrientations_iPad = "UIInterfaceOrientationPortrait UIInterfaceOrientationPortraitUpsideDown UIInterfaceOrientationLandscapeLeft UIInterfaceOrientationLandscapeRight";
				INFOPLIST_KEY_UISupportedInterfaceOrientations_iPhone = "UIInterfaceOrientationPortrait UIInterfaceOrientationLandscapeLeft UIInterfaceOrientationLandscapeRight";
				LD_RUNPATH_SEARCH_PATHS = (
					"$(inherited)",
					"@executable_path/Frameworks",
				);
				MARKETING_VERSION = 1.0;
				PRODUCT_BUNDLE_IDENTIFIER = com.williamgyrulf.Minigolf;
				PRODUCT_NAME = "$(TARGET_NAME)";
				SWIFT_EMIT_LOC_STRINGS = YES;
				SWIFT_VERSION = 5.0;
				TARGETED_DEVICE_FAMILY = "1,2";
			};
			name = Release;
		};
		B2559C722DC6CC810018E80A /* Debug */ = {
			isa = XCBuildConfiguration;
			buildSettings = {
				ALWAYS_EMBED_SWIFT_STANDARD_LIBRARIES = YES;
				BUNDLE_LOADER = "$(TEST_HOST)";
				CODE_SIGN_STYLE = Automatic;
				CURRENT_PROJECT_VERSION = 1;
				GENERATE_INFOPLIST_FILE = YES;
				IPHONEOS_DEPLOYMENT_TARGET = 17.5;
				MARKETING_VERSION = 1.0;
				PRODUCT_BUNDLE_IDENTIFIER = com.williamgyrulf.MinigolfTests;
				PRODUCT_NAME = "$(TARGET_NAME)";
				SWIFT_EMIT_LOC_STRINGS = NO;
				SWIFT_VERSION = 5.0;
				TARGETED_DEVICE_FAMILY = "1,2";
				TEST_HOST = "$(BUILT_PRODUCTS_DIR)/Minigolf.app/$(BUNDLE_EXECUTABLE_FOLDER_PATH)/Minigolf";
			};
			name = Debug;
		};
		B2559C732DC6CC810018E80A /* Release */ = {
			isa = XCBuildConfiguration;
			buildSettings = {
				ALWAYS_EMBED_SWIFT_STANDARD_LIBRARIES = YES;
				BUNDLE_LOADER = "$(TEST_HOST)";
				CODE_SIGN_STYLE = Automatic;
				CURRENT_PROJECT_VERSION = 1;
				GENERATE_INFOPLIST_FILE = YES;
				IPHONEOS_DEPLOYMENT_TARGET = 17.5;
				MARKETING_VERSION = 1.0;
				PRODUCT_BUNDLE_IDENTIFIER = com.williamgyrulf.MinigolfTests;
				PRODUCT_NAME = "$(TARGET_NAME)";
				SWIFT_EMIT_LOC_STRINGS = NO;
				SWIFT_VERSION = 5.0;
				TARGETED_DEVICE_FAMILY = "1,2";
				TEST_HOST = "$(BUILT_PRODUCTS_DIR)/Minigolf.app/$(BUNDLE_EXECUTABLE_FOLDER_PATH)/Minigolf";
			};
			name = Release;
		};
		B2559C752DC6CC810018E80A /* Debug */ = {
			isa = XCBuildConfiguration;
			buildSettings = {
				ALWAYS_EMBED_SWIFT_STANDARD_LIBRARIES = YES;
				CODE_SIGN_STYLE = Automatic;
				CURRENT_PROJECT_VERSION = 1;
				GENERATE_INFOPLIST_FILE = YES;
				MARKETING_VERSION = 1.0;
				PRODUCT_BUNDLE_IDENTIFIER = com.williamgyrulf.MinigolfUITests;
				PRODUCT_NAME = "$(TARGET_NAME)";
				SWIFT_EMIT_LOC_STRINGS = NO;
				SWIFT_VERSION = 5.0;
				TARGETED_DEVICE_FAMILY = "1,2";
				TEST_TARGET_NAME = Minigolf;
			};
			name = Debug;
		};
		B2559C762DC6CC810018E80A /* Release */ = {
			isa = XCBuildConfiguration;
			buildSettings = {
				ALWAYS_EMBED_SWIFT_STANDARD_LIBRARIES = YES;
				CODE_SIGN_STYLE = Automatic;
				CURRENT_PROJECT_VERSION = 1;
				GENERATE_INFOPLIST_FILE = YES;
				MARKETING_VERSION = 1.0;
				PRODUCT_BUNDLE_IDENTIFIER = com.williamgyrulf.MinigolfUITests;
				PRODUCT_NAME = "$(TARGET_NAME)";
				SWIFT_EMIT_LOC_STRINGS = NO;
				SWIFT_VERSION = 5.0;
				TARGETED_DEVICE_FAMILY = "1,2";
				TEST_TARGET_NAME = Minigolf;
			};
			name = Release;
		};
/* End XCBuildConfiguration section */

/* Begin XCConfigurationList section */
		B2559C432DC6CC7F0018E80A /* Build configuration list for PBXProject "Minigolf" */ = {
			isa = XCConfigurationList;
			buildConfigurations = (
				B2559C6C2DC6CC810018E80A /* Debug */,
				B2559C6D2DC6CC810018E80A /* Release */,
			);
			defaultConfigurationIsVisible = 0;
			defaultConfigurationName = Release;
		};
		B2559C6E2DC6CC810018E80A /* Build configuration list for PBXNativeTarget "Minigolf" */ = {
			isa = XCConfigurationList;
			buildConfigurations = (
				B2559C6F2DC6CC810018E80A /* Debug */,
				B2559C702DC6CC810018E80A /* Release */,
			);
			defaultConfigurationIsVisible = 0;
			defaultConfigurationName = Release;
		};
		B2559C712DC6CC810018E80A /* Build configuration list for PBXNativeTarget "MinigolfTests" */ = {
			isa = XCConfigurationList;
			buildConfigurations = (
				B2559C722DC6CC810018E80A /* Debug */,
				B2559C732DC6CC810018E80A /* Release */,
			);
			defaultConfigurationIsVisible = 0;
			defaultConfigurationName = Release;
		};
		B2559C742DC6CC810018E80A /* Build configuration list for PBXNativeTarget "MinigolfUITests" */ = {
			isa = XCConfigurationList;
			buildConfigurations = (
				B2559C752DC6CC810018E80A /* Debug */,
				B2559C762DC6CC810018E80A /* Release */,
			);
			defaultConfigurationIsVisible = 0;
			defaultConfigurationName = Release;
		};
/* End XCConfigurationList section */
	};
	rootObject = B2559C402DC6CC7F0018E80A /* Project object */;
}
